
Microsoft Visual Studio Solution File, Format Version 12.00
# Visual Studio 15
Project("{FAE04EC0-301F-11D3-BF4B-00C04F79EFBC}") = "10000HumanProject", "Assembly-CSharp.csproj", "{442D0AAF-4B37-4FBC-503A-0F0C801CE408}"
EndProject
Project("{FAE04EC0-301F-11D3-BF4B-00C04F79EFBC}") = "10000HumanProject", "Assembly-CSharp-firstpass.csproj", "{327ECD06-E184-DA16-E08B-7CFCF9246589}"
EndProject
Project("{FAE04EC0-301F-11D3-BF4B-00C04F79EFBC}") = "10000HumanProject", "Assembly-CSharp-Editor.csproj", "{DAB88824-6A58-EE8A-C7F4-701942A89DDF}"
EndProject
Global
	GlobalSection(SolutionConfigurationPlatforms) = preSolution
		Debug|Any CPU = Debug|Any CPU
		Release|Any CPU = Release|Any CPU
	EndGlobalSection
	GlobalSection(ProjectConfigurationPlatforms) = postSolution
		{442D0AAF-4B37-4FBC-503A-0F0C801CE408}.Debug|Any CPU.ActiveCfg = Debug|Any CPU
		{442D0AAF-4B37-4FBC-503A-0F0C801CE408}.Debug|Any CPU.Build.0 = Debug|Any CPU
		{442D0AAF-4B37-4FBC-503A-0F0C801CE408}.Release|Any CPU.ActiveCfg = Release|Any CPU
		{442D0AAF-4B37-4FBC-503A-0F0C801CE408}.Release|Any CPU.Build.0 = Release|Any CPU
		{327ECD06-E184-DA16-E08B-7CFCF9246589}.Debug|Any CPU.ActiveCfg = Debug|Any CPU
		{327ECD06-E184-DA16-E08B-7CFCF9246589}.Debug|Any CPU.Build.0 = Debug|Any CPU
		{327ECD06-E184-DA16-E08B-7CFCF9246589}.Release|Any CPU.ActiveCfg = Release|Any CPU
		{327ECD06-E184-DA16-E08B-7CFCF9246589}.Release|Any CPU.Build.0 = Release|Any CPU
		{DAB88824-6A58-EE8A-C7F4-701942A89DDF}.Debug|Any CPU.ActiveCfg = Debug|Any CPU
		{DAB88824-6A58-EE8A-C7F4-701942A89DDF}.Debug|Any CPU.Build.0 = Debug|Any CPU
		{DAB88824-6A58-EE8A-C7F4-701942A89DDF}.Release|Any CPU.ActiveCfg = Release|Any CPU
		{DAB88824-6A58-EE8A-C7F4-701942A89DDF}.Release|Any CPU.Build.0 = Release|Any CPU
	EndGlobalSection
	GlobalSection(SolutionProperties) = preSolution
		HideSolutionNode = FALSE
	EndGlobalSection
EndGlobal
